
Microsoft Visual Studio Solution File, Format Version 12.00
# Visual Studio Version 16
VisualStudioVersion = 16.0.31129.286
MinimumVisualStudioVersion = 10.0.40219.1
Project("{9A19103F-16F7-4668-BE54-9A1E7A4F7556}") = "AspNetFundamentalDemo", "AspNetFundamentalDemo\AspNetFundamentalDemo.csproj", "{404670C3-D68C-4ECB-B76C-245B907AA5F6}"
EndProject
Project("{FAE04EC0-301F-11D3-BF4B-00C04F79EFBC}") = "AspNetDemoTest", "AspNetDemoTest\AspNetDemoTest.csproj", "{0C520DFB-3617-4BF6-BBC9-3B269FB766FF}"
EndProject
Global
	GlobalSection(SolutionConfigurationPlatforms) = preSolution
		Debug|Any CPU = Debug|Any CPU
		Release|Any CPU = Release|Any CPU
	EndGlobalSection
	GlobalSection(ProjectConfigurationPlatforms) = postSolution
		{404670C3-D68C-4ECB-B76C-245B907AA5F6}.Debug|Any CPU.ActiveCfg = Debug|Any CPU
		{404670C3-D68C-4ECB-B76C-245B907AA5F6}.Debug|Any CPU.Build.0 = Debug|Any CPU
		{404670C3-D68C-4ECB-B76C-245B907AA5F6}.Release|Any CPU.ActiveCfg = Release|Any CPU
		{404670C3-D68C-4ECB-B76C-245B907AA5F6}.Release|Any CPU.Build.0 = Release|Any CPU
		{0C520DFB-3617-4BF6-BBC9-3B269FB766FF}.Debug|Any CPU.ActiveCfg = Debug|Any CPU
		{0C520DFB-3617-4BF6-BBC9-3B269FB766FF}.Debug|Any CPU.Build.0 = Debug|Any CPU
		{0C520DFB-3617-4BF6-BBC9-3B269FB766FF}.Release|Any CPU.ActiveCfg = Release|Any CPU
		{0C520DFB-3617-4BF6-BBC9-3B269FB766FF}.Release|Any CPU.Build.0 = Release|Any CPU
	EndGlobalSection
	GlobalSection(SolutionProperties) = preSolution
		HideSolutionNode = FALSE
	EndGlobalSection
	GlobalSection(ExtensibilityGlobals) = postSolution
		SolutionGuid = {A8F5450F-F5FA-41AF-BB9D-B2CDC7FB2260}
	EndGlobalSection
EndGlobal
